version: 6
environments:
  default:
    channels:
    - url: https://conda.anaconda.org/conda-forge/
    indexes:
    - https://pypi.org/simple
    packages:
      win-64:
      - conda: https://conda.anaconda.org/conda-forge/noarch/antlr-python-runtime-4.9.3-pyhd8ed1ab_1.tar.bz2
      - conda: https://conda.anaconda.org/conda-forge/win-64/bzip2-1.0.8-h2466b09_7.conda
      - conda: https://conda.anaconda.org/conda-forge/win-64/ca-certificates-2024.12.14-h56e8100_0.conda
      - conda: https://conda.anaconda.org/conda-forge/noarch/feedparser-6.0.11-pyhd8ed1ab_1.conda
      - conda: https://conda.anaconda.org/conda-forge/win-64/libexpat-2.6.4-he0c23c2_0.conda
      - conda: https://conda.anaconda.org/conda-forge/win-64/libffi-3.4.2-h8ffe710_5.tar.bz2
      - conda: https://conda.anaconda.org/conda-forge/win-64/liblzma-5.6.3-h2466b09_1.conda
      - conda: https://conda.anaconda.org/conda-forge/win-64/libmpdec-4.0.0-h2466b09_0.conda
      - conda: https://conda.anaconda.org/conda-forge/win-64/libsqlite-3.47.2-h67fdade_0.conda
      - conda: https://conda.anaconda.org/conda-forge/win-64/libzlib-1.3.1-h2466b09_2.conda
      - conda: https://conda.anaconda.org/conda-forge/noarch/omegaconf-2.3.0-pyhd8ed1ab_0.conda
      - conda: https://conda.anaconda.org/conda-forge/win-64/openssl-3.4.0-ha4e3fda_1.conda
      - conda: https://conda.anaconda.org/conda-forge/noarch/packaging-24.2-pyhd8ed1ab_2.conda
      - conda: https://conda.anaconda.org/conda-forge/win-64/python-3.13.1-h071d269_104_cp313.conda
      - conda: https://conda.anaconda.org/conda-forge/noarch/python-dotenv-1.0.1-pyhd8ed1ab_1.conda
      - conda: https://conda.anaconda.org/conda-forge/win-64/python_abi-3.13-5_cp313.conda
      - conda: https://conda.anaconda.org/conda-forge/win-64/pyyaml-6.0.2-py313ha7868ed_1.conda
      - conda: https://conda.anaconda.org/conda-forge/noarch/sgmllib3k-1.0.0-pyhd8ed1ab_1.conda
      - conda: https://conda.anaconda.org/conda-forge/noarch/slack-sdk-3.34.0-pyhd8ed1ab_0.conda
      - conda: https://conda.anaconda.org/conda-forge/win-64/tk-8.6.13-h5226925_1.conda
      - conda: https://conda.anaconda.org/conda-forge/noarch/typing_extensions-4.12.2-pyha770c72_1.conda
      - conda: https://conda.anaconda.org/conda-forge/noarch/tzdata-2024b-hc8b5060_0.conda
      - conda: https://conda.anaconda.org/conda-forge/win-64/ucrt-10.0.22621.0-h57928b3_1.conda
      - conda: https://conda.anaconda.org/conda-forge/win-64/vc-14.3-ha32ba9b_23.conda
      - conda: https://conda.anaconda.org/conda-forge/win-64/vc14_runtime-14.42.34433-he29a5d6_23.conda
      - conda: https://conda.anaconda.org/conda-forge/win-64/vs2015_runtime-14.42.34433-hdffcdeb_23.conda
      - conda: https://conda.anaconda.org/conda-forge/win-64/yaml-0.2.5-h8ffe710_2.tar.bz2
      - pypi: https://files.pythonhosted.org/packages/a5/32/8f6669fc4798494966bf446c8c4a162e0b5d893dff088afddf76414f70e1/certifi-2024.12.14-py3-none-any.whl
      - pypi: https://files.pythonhosted.org/packages/27/f2/4f9a69cc7712b9b5ad8fdb87039fd89abba997ad5cbe690d1835d40405b0/charset_normalizer-3.4.1-cp313-cp313-win_amd64.whl
      - pypi: https://files.pythonhosted.org/packages/f7/24/48054f6808a5586f7195c2c26fef52b598c0ebf37542ee46dd9da72fe9e1/deepl-1.20.0-py3-none-any.whl
      - pypi: https://files.pythonhosted.org/packages/76/c6/c88e154df9c4e1a2a66ccf0005a88dfb2650c1dffb6f5ce603dfbd452ce3/idna-3.10-py3-none-any.whl
      - pypi: https://files.pythonhosted.org/packages/f9/9b/335f9764261e915ed497fcdeb11df5dfd6f7bf257d4a6a2a686d80da4d54/requests-2.32.3-py3-none-any.whl
      - pypi: https://files.pythonhosted.org/packages/c8/19/4ec628951a74043532ca2cf5d97b7b14863931476d117c471e8e2b1eb39f/urllib3-2.3.0-py3-none-any.whl
      - pypi: .
packages:
- conda: https://conda.anaconda.org/conda-forge/noarch/antlr-python-runtime-4.9.3-pyhd8ed1ab_1.tar.bz2
  sha256: b91f8ab4ac2b48972fbee1fc8e092cc452fdf59156e4ff2322c94bbf73650f94
  md5: c88eaec8de9ae1fa161205aa18e7a5b1
  depends:
  - python >=3.6
  license: BSD-3-Clause
  license_family: BSD
  purls:
  - pkg:pypi/antlr4-python3-runtime?source=hash-mapping
  size: 101065
  timestamp: 1638309284042
- pypi: .
  name: arxiv-satellite
  version: 0.1.0
  sha256: 7870bc3303a5b1a52cb606eb2a416c4e1d12915aca056dfcd417f96eeba6c347
  requires_dist:
  - deepl>=1.20.0,<2
  requires_python: '>=3.11'
  editable: true
- conda: https://conda.anaconda.org/conda-forge/win-64/bzip2-1.0.8-h2466b09_7.conda
  sha256: 35a5dad92e88fdd7fc405e864ec239486f4f31eec229e31686e61a140a8e573b
  md5: 276e7ffe9ffe39688abc665ef0f45596
  depends:
  - ucrt >=10.0.20348.0
  - vc >=14.2,<15
  - vc14_runtime >=14.29.30139
  license: bzip2-1.0.6
  license_family: BSD
  purls: []
  size: 54927
  timestamp: 1720974860185
- conda: https://conda.anaconda.org/conda-forge/win-64/ca-certificates-2024.12.14-h56e8100_0.conda
  sha256: 424d82db36cd26234bc4772426170efd60e888c2aed0099a257a95e131683a5e
  md5: cb2eaeb88549ddb27af533eccf9a45c1
  license: ISC
  purls: []
  size: 157422
  timestamp: 1734208404685
- pypi: https://files.pythonhosted.org/packages/a5/32/8f6669fc4798494966bf446c8c4a162e0b5d893dff088afddf76414f70e1/certifi-2024.12.14-py3-none-any.whl
  name: certifi
  version: 2024.12.14
  sha256: 1275f7a45be9464efc1173084eaa30f866fe2e47d389406136d332ed4967ec56
  requires_python: '>=3.6'
- pypi: https://files.pythonhosted.org/packages/27/f2/4f9a69cc7712b9b5ad8fdb87039fd89abba997ad5cbe690d1835d40405b0/charset_normalizer-3.4.1-cp313-cp313-win_amd64.whl
  name: charset-normalizer
  version: 3.4.1
  sha256: b1ac5992a838106edb89654e0aebfc24f5848ae2547d22c2c3f66454daa11971
  requires_python: '>=3.7'
- pypi: https://files.pythonhosted.org/packages/f7/24/48054f6808a5586f7195c2c26fef52b598c0ebf37542ee46dd9da72fe9e1/deepl-1.20.0-py3-none-any.whl
  name: deepl
  version: 1.20.0
  sha256: 69f93a26d70bff6e2204a71f2e601c4b826cbad1ff6f0e3065cbf5d17a0662d9
  requires_dist:
  - keyring>=23.4.1,<24.0.0 ; python_full_version >= '3.6' and python_full_version < '4' and extra == 'keyring'
  - requests>=2,<3
  requires_python: '>=3.6.2,<4'
- conda: https://conda.anaconda.org/conda-forge/noarch/feedparser-6.0.11-pyhd8ed1ab_1.conda
  sha256: c2cebdeb6bcb5dd332141be184245184452a61329be9ff24fb375e5edaff6af3
  md5: 5ee4b7eebc1f6b020903d01604e279c6
  depends:
  - python >=3.9
  - sgmllib3k
  license: BSD-3-Clause
  license_family: BSD
  purls:
  - pkg:pypi/feedparser?source=hash-mapping
  size: 52258
  timestamp: 1734808173555
- pypi: https://files.pythonhosted.org/packages/76/c6/c88e154df9c4e1a2a66ccf0005a88dfb2650c1dffb6f5ce603dfbd452ce3/idna-3.10-py3-none-any.whl
  name: idna
  version: '3.10'
  sha256: 946d195a0d259cbba61165e88e65941f16e9b36ea6ddb97f00452bae8b1287d3
  requires_dist:
  - ruff>=0.6.2 ; extra == 'all'
  - mypy>=1.11.2 ; extra == 'all'
  - pytest>=8.3.2 ; extra == 'all'
  - flake8>=7.1.1 ; extra == 'all'
  requires_python: '>=3.6'
- conda: https://conda.anaconda.org/conda-forge/win-64/libexpat-2.6.4-he0c23c2_0.conda
  sha256: 0c0447bf20d1013d5603499de93a16b6faa92d7ead870d96305c0f065b6a5a12
  md5: eb383771c680aa792feb529eaf9df82f
  depends:
  - ucrt >=10.0.20348.0
  - vc >=14.2,<15
  - vc14_runtime >=14.29.30139
  constrains:
  - expat 2.6.4.*
  license: MIT
  license_family: MIT
  purls: []
  size: 139068
  timestamp: 1730967442102
- conda: https://conda.anaconda.org/conda-forge/win-64/libffi-3.4.2-h8ffe710_5.tar.bz2
  sha256: 1951ab740f80660e9bc07d2ed3aefb874d78c107264fd810f24a1a6211d4b1a5
  md5: 2c96d1b6915b408893f9472569dee135
  depends:
  - vc >=14.1,<15.0a0
  - vs2015_runtime >=14.16.27012
  license: MIT
  license_family: MIT
  purls: []
  size: 42063
  timestamp: 1636489106777
- conda: https://conda.anaconda.org/conda-forge/win-64/liblzma-5.6.3-h2466b09_1.conda
  sha256: 24d04bd55adfa44c421c99ce169df38cb1ad2bba5f43151bc847fc802496a1fa
  md5: 015b9c0bd1eef60729ab577a38aaf0b5
  depends:
  - ucrt >=10.0.20348.0
  - vc >=14.2,<15
  - vc14_runtime >=14.29.30139
  license: 0BSD
  purls: []
  size: 104332
  timestamp: 1733407872569
- conda: https://conda.anaconda.org/conda-forge/win-64/libmpdec-4.0.0-h2466b09_0.conda
  sha256: fc529fc82c7caf51202cc5cec5bb1c2e8d90edbac6d0a4602c966366efe3c7bf
  md5: 74860100b2029e2523cf480804c76b9b
  depends:
  - ucrt >=10.0.20348.0
  - vc >=14.2,<15
  - vc14_runtime >=14.29.30139
  license: BSD-2-Clause
  license_family: BSD
  purls: []
  size: 88657
  timestamp: 1723861474602
- conda: https://conda.anaconda.org/conda-forge/win-64/libsqlite-3.47.2-h67fdade_0.conda
  sha256: ecfc0182c3b2e63c870581be1fa0e4dbdfec70d2011cb4f5bde416ece26c41df
  md5: ff00095330e0d35a16bd3bdbd1a2d3e7
  depends:
  - ucrt >=10.0.20348.0
  - vc >=14.2,<15
  - vc14_runtime >=14.29.30139
  license: Unlicense
  purls: []
  size: 891292
  timestamp: 1733762116902
- conda: https://conda.anaconda.org/conda-forge/win-64/libzlib-1.3.1-h2466b09_2.conda
  sha256: ba945c6493449bed0e6e29883c4943817f7c79cbff52b83360f7b341277c6402
  md5: 41fbfac52c601159df6c01f875de31b9
  depends:
  - ucrt >=10.0.20348.0
  - vc >=14.2,<15
  - vc14_runtime >=14.29.30139
  constrains:
  - zlib 1.3.1 *_2
  license: Zlib
  license_family: Other
  purls: []
  size: 55476
  timestamp: 1727963768015
- conda: https://conda.anaconda.org/conda-forge/noarch/omegaconf-2.3.0-pyhd8ed1ab_0.conda
  sha256: df806841be847e5287b22b6ae7f380874f81ea51f1b51ae14a570f3385c7b133
  md5: 23cc056834cab53849b91f78d6ee3ea0
  depends:
  - antlr-python-runtime 4.9.*
  - python >=3.7
  - pyyaml >=5.1.0
  - typing_extensions
  license: BSD-3-Clause
  license_family: BSD
  purls:
  - pkg:pypi/omegaconf?source=hash-mapping
  size: 166453
  timestamp: 1670575519562
- conda: https://conda.anaconda.org/conda-forge/win-64/openssl-3.4.0-ha4e3fda_1.conda
  sha256: 519a06eaab7c878fbebb8cab98ea4a4465eafb1e9ed8c6ce67226068a80a92f0
  md5: fb45308ba8bfe1abf1f4a27bad24a743
  depends:
  - ca-certificates
  - ucrt >=10.0.20348.0
  - vc >=14.2,<15
  - vc14_runtime >=14.29.30139
  license: Apache-2.0
  license_family: Apache
  purls: []
  size: 8462960
  timestamp: 1736088436984
- conda: https://conda.anaconda.org/conda-forge/noarch/packaging-24.2-pyhd8ed1ab_2.conda
  sha256: da157b19bcd398b9804c5c52fc000fcb8ab0525bdb9c70f95beaa0bb42f85af1
  md5: 3bfed7e6228ebf2f7b9eaa47f1b4e2aa
  depends:
  - python >=3.8
  license: Apache-2.0
  license_family: APACHE
  purls:
  - pkg:pypi/packaging?source=hash-mapping
  size: 60164
  timestamp: 1733203368787
- conda: https://conda.anaconda.org/conda-forge/win-64/python-3.13.1-h071d269_104_cp313.conda
  build_number: 104
  sha256: 2878cc0b0a2dc62bce6e14ca3546f10604e9476cf519275a4de24c2d7a580a68
  md5: 90fb3fd36c4abab2d7d5df39e248386d
  depends:
  - bzip2 >=1.0.8,<2.0a0
  - libexpat >=2.6.4,<3.0a0
  - libffi >=3.4,<4.0a0
  - liblzma >=5.6.3,<6.0a0
  - libmpdec >=4.0.0,<5.0a0
  - libsqlite >=3.47.2,<4.0a0
  - libzlib >=1.3.1,<2.0a0
  - openssl >=3.4.0,<4.0a0
  - python_abi 3.13.* *_cp313
  - tk >=8.6.13,<8.7.0a0
  - tzdata
  - ucrt >=10.0.20348.0
  - vc >=14.2,<15
  - vc14_runtime >=14.29.30139
  license: Python-2.0
  purls: []
  size: 16673237
  timestamp: 1736327630682
  python_site_packages_path: Lib/site-packages
- conda: https://conda.anaconda.org/conda-forge/noarch/python-dotenv-1.0.1-pyhd8ed1ab_1.conda
  sha256: 99713f6b534fef94995c6c16fd21d59f3548784e9111775d692bdc7c44678f02
  md5: e5c6ed218664802d305e79cc2d4491de
  depends:
  - python >=3.9
  license: BSD-3-Clause
  license_family: BSD
  purls:
  - pkg:pypi/python-dotenv?source=hash-mapping
  size: 24215
  timestamp: 1733243277223
- conda: https://conda.anaconda.org/conda-forge/win-64/python_abi-3.13-5_cp313.conda
  build_number: 5
  sha256: 0c12cc1b84962444002c699ed21e815fb9f686f950d734332a1b74d07db97756
  md5: 44b4fe6f22b57103afb2299935c8b68e
  constrains:
  - python 3.13.* *_cp313
  license: BSD-3-Clause
  license_family: BSD
  purls: []
  size: 6716
  timestamp: 1723823166911
- conda: https://conda.anaconda.org/conda-forge/win-64/pyyaml-6.0.2-py313ha7868ed_1.conda
  sha256: ffa21c4715aa139d20c96ae7274fbb7de12a546f3332eb8d07cc794741fcbde6
  md5: c1743e5c4c7402a14b515cf276778e59
  depends:
  - python >=3.13.0rc1,<3.14.0a0
  - python_abi 3.13.* *_cp313
  - ucrt >=10.0.20348.0
  - vc >=14.2,<15
  - vc14_runtime >=14.29.30139
  - yaml >=0.2.5,<0.3.0a0
  license: MIT
  license_family: MIT
  purls:
  - pkg:pypi/pyyaml?source=hash-mapping
  size: 181722
  timestamp: 1725456802746
- pypi: https://files.pythonhosted.org/packages/f9/9b/335f9764261e915ed497fcdeb11df5dfd6f7bf257d4a6a2a686d80da4d54/requests-2.32.3-py3-none-any.whl
  name: requests
  version: 2.32.3
  sha256: 70761cfe03c773ceb22aa2f671b4757976145175cdfca038c02654d061d6dcc6
  requires_dist:
  - charset-normalizer>=2,<4
  - idna>=2.5,<4
  - urllib3>=1.21.1,<3
  - certifi>=2017.4.17
  - pysocks>=1.5.6,!=1.5.7 ; extra == 'socks'
  - chardet>=3.0.2,<6 ; extra == 'use-chardet-on-py3'
  requires_python: '>=3.8'
- conda: https://conda.anaconda.org/conda-forge/noarch/sgmllib3k-1.0.0-pyhd8ed1ab_1.conda
  sha256: 93ea629d7da9e66b6c3bf107c67a5a700bf2aa65568b3ebd3118bf969cdb66aa
  md5: 24dccb38ae0c4f2e11a387fb2d4e21cb
  depends:
  - python >=3.9
  license: BSD-1-Clause
  purls:
  - pkg:pypi/sgmllib3k?source=hash-mapping
  size: 12887
  timestamp: 1734543162119
- conda: https://conda.anaconda.org/conda-forge/noarch/slack-sdk-3.34.0-pyhd8ed1ab_0.conda
  sha256: 518cee16eb74ac11bf85b5b8d9b4fa65acb57087ebd05d9201d07f27b678b91b
  md5: bad37dac486f7678be5730eedafca521
  depends:
  - python >=3.9
  license: MIT
  license_family: MIT
  purls:
  - pkg:pypi/slack-sdk?source=hash-mapping
  size: 148282
  timestamp: 1734549571027
- conda: https://conda.anaconda.org/conda-forge/win-64/tk-8.6.13-h5226925_1.conda
  sha256: 2c4e914f521ccb2718946645108c9bd3fc3216ba69aea20c2c3cedbd8db32bb1
  md5: fc048363eb8f03cd1737600a5d08aafe
  depends:
  - ucrt >=10.0.20348.0
  - vc >=14.2,<15
  - vc14_runtime >=14.29.30139
  license: TCL
  license_family: BSD
  purls: []
  size: 3503410
  timestamp: 1699202577803
- conda: https://conda.anaconda.org/conda-forge/noarch/typing_extensions-4.12.2-pyha770c72_1.conda
  sha256: 337be7af5af8b2817f115b3b68870208b30c31d3439bec07bfb2d8f4823e3568
  md5: d17f13df8b65464ca316cbc000a3cb64
  depends:
  - python >=3.9
  license: PSF-2.0
  license_family: PSF
  purls:
  - pkg:pypi/typing-extensions?source=hash-mapping
  size: 39637
  timestamp: 1733188758212
- conda: https://conda.anaconda.org/conda-forge/noarch/tzdata-2024b-hc8b5060_0.conda
  sha256: 4fde5c3008bf5d2db82f2b50204464314cc3c91c1d953652f7bd01d9e52aefdf
  md5: 8ac3367aafb1cc0a068483c580af8015
  license: LicenseRef-Public-Domain
  purls: []
  size: 122354
  timestamp: 1728047496079
- conda: https://conda.anaconda.org/conda-forge/win-64/ucrt-10.0.22621.0-h57928b3_1.conda
  sha256: db8dead3dd30fb1a032737554ce91e2819b43496a0db09927edf01c32b577450
  md5: 6797b005cd0f439c4c5c9ac565783700
  constrains:
  - vs2015_runtime >=14.29.30037
  license: LicenseRef-MicrosoftWindowsSDK10
  purls: []
  size: 559710
  timestamp: 1728377334097
- pypi: https://files.pythonhosted.org/packages/c8/19/4ec628951a74043532ca2cf5d97b7b14863931476d117c471e8e2b1eb39f/urllib3-2.3.0-py3-none-any.whl
  name: urllib3
  version: 2.3.0
  sha256: 1cee9ad369867bfdbbb48b7dd50374c0967a0bb7710050facf0dd6911440e3df
  requires_dist:
  - brotli>=1.0.9 ; platform_python_implementation == 'CPython' and extra == 'brotli'
  - brotlicffi>=0.8.0 ; platform_python_implementation != 'CPython' and extra == 'brotli'
  - h2>=4,<5 ; extra == 'h2'
  - pysocks>=1.5.6,!=1.5.7,<2.0 ; extra == 'socks'
  - zstandard>=0.18.0 ; extra == 'zstd'
  requires_python: '>=3.9'
- conda: https://conda.anaconda.org/conda-forge/win-64/vc-14.3-ha32ba9b_23.conda
  sha256: 986ddaf8feec2904eac9535a7ddb7acda1a1dfb9482088fdb8129f1595181663
  md5: 7c10ec3158d1eb4ddff7007c9101adb0
  depends:
  - vc14_runtime >=14.38.33135
  track_features:
  - vc14
  license: BSD-3-Clause
  license_family: BSD
  purls: []
  size: 17479
  timestamp: 1731710827215
- conda: https://conda.anaconda.org/conda-forge/win-64/vc14_runtime-14.42.34433-he29a5d6_23.conda
  sha256: c483b090c4251a260aba6ff3e83a307bcfb5fb24ad7ced872ab5d02971bd3a49
  md5: 32b37d0cfa80da34548501cdc913a832
  depends:
  - ucrt >=10.0.20348.0
  constrains:
  - vs2015_runtime 14.42.34433.* *_23
  license: LicenseRef-MicrosoftVisualCpp2015-2022Runtime
  license_family: Proprietary
  purls: []
  size: 754247
  timestamp: 1731710681163
- conda: https://conda.anaconda.org/conda-forge/win-64/vs2015_runtime-14.42.34433-hdffcdeb_23.conda
  sha256: 568ce8151eaae256f1cef752fc78651ad7a86ff05153cc7a4740b52ae6536118
  md5: 5c176975ca2b8366abad3c97b3cd1e83
  depends:
  - vc14_runtime >=14.42.34433
  license: BSD-3-Clause
  license_family: BSD
  purls: []
  size: 17572
  timestamp: 1731710685291
- conda: https://conda.anaconda.org/conda-forge/win-64/yaml-0.2.5-h8ffe710_2.tar.bz2
  sha256: 4e2246383003acbad9682c7c63178e2e715ad0eb84f03a8df1fbfba455dfedc5
  md5: adbfb9f45d1004a26763652246a33764
  depends:
  - vc >=14.1,<15.0a0
  - vs2015_runtime >=14.16.27012
  license: MIT
  license_family: MIT
  purls: []
  size: 63274
  timestamp: 1641347623319
