version: 6
environments:
  default:
    channels:
    - url: https://conda.anaconda.org/conda-forge/
    indexes:
    - https://pypi.org/simple
    options:
      pypi-prerelease-mode: if-necessary-or-explicit
    packages:
      win-64:
      - conda: https://conda.anaconda.org/conda-forge/noarch/antlr-python-runtime-4.9.3-pyhd8ed1ab_1.tar.bz2
      - conda: https://conda.anaconda.org/conda-forge/win-64/bzip2-1.0.8-h0ad9c76_8.conda
      - conda: https://conda.anaconda.org/conda-forge/noarch/ca-certificates-2025.11.12-h4c7d964_0.conda
      - conda: https://conda.anaconda.org/conda-forge/noarch/feedparser-6.0.12-pyhd8ed1ab_0.conda
      - conda: https://conda.anaconda.org/conda-forge/win-64/libexpat-2.7.3-hac47afa_0.conda
      - conda: https://conda.anaconda.org/conda-forge/win-64/libffi-3.5.2-h52bdfb6_0.conda
      - conda: https://conda.anaconda.org/conda-forge/win-64/liblzma-5.8.1-h2466b09_2.conda
      - conda: https://conda.anaconda.org/conda-forge/win-64/libmpdec-4.0.0-h2466b09_0.conda
      - conda: https://conda.anaconda.org/conda-forge/win-64/libsqlite-3.51.1-hf5d6505_0.conda
      - conda: https://conda.anaconda.org/conda-forge/win-64/libzlib-1.3.1-h2466b09_2.conda
      - conda: https://conda.anaconda.org/conda-forge/noarch/omegaconf-2.3.0-pyhd8ed1ab_0.conda
      - conda: https://conda.anaconda.org/conda-forge/win-64/openssl-3.6.0-h725018a_0.conda
      - conda: https://conda.anaconda.org/conda-forge/win-64/python-3.13.11-h09917c8_100_cp313.conda
      - conda: https://conda.anaconda.org/conda-forge/noarch/python-dotenv-1.2.1-pyhcf101f3_0.conda
      - conda: https://conda.anaconda.org/conda-forge/noarch/python_abi-3.13-8_cp313.conda
      - conda: https://conda.anaconda.org/conda-forge/win-64/pyyaml-6.0.3-py313hd650c13_0.conda
      - conda: https://conda.anaconda.org/conda-forge/noarch/sgmllib3k-1.0.0-pyhd8ed1ab_1.conda
      - conda: https://conda.anaconda.org/conda-forge/noarch/slack-sdk-3.39.0-pyhd8ed1ab_0.conda
      - conda: https://conda.anaconda.org/conda-forge/win-64/tk-8.6.13-h2c6b04d_3.conda
      - conda: https://conda.anaconda.org/conda-forge/noarch/typing_extensions-4.15.0-pyhcf101f3_0.conda
      - conda: https://conda.anaconda.org/conda-forge/noarch/tzdata-2025b-h78e105d_0.conda
      - conda: https://conda.anaconda.org/conda-forge/win-64/ucrt-10.0.26100.0-h57928b3_0.conda
      - conda: https://conda.anaconda.org/conda-forge/win-64/vc-14.3-h2b53caa_32.conda
      - conda: https://conda.anaconda.org/conda-forge/win-64/vc14_runtime-14.44.35208-h818238b_32.conda
      - conda: https://conda.anaconda.org/conda-forge/win-64/vcomp14-14.44.35208-h818238b_32.conda
      - conda: https://conda.anaconda.org/conda-forge/win-64/yaml-0.2.5-h6a83c73_3.conda
      - pypi: https://files.pythonhosted.org/packages/70/7d/9bc192684cea499815ff478dfcdc13835ddf401365057044fb721ec6bddb/certifi-2025.11.12-py3-none-any.whl
      - pypi: https://files.pythonhosted.org/packages/c4/26/b9924fa27db384bdcd97ab83b4f0a8058d96ad9626ead570674d5e737d90/charset_normalizer-3.4.4-cp313-cp313-win_amd64.whl
      - pypi: https://files.pythonhosted.org/packages/6d/8c/136035269930d365fbb47ccf92cb6bc9be60edb5b4fa84d591ba9c212030/deepl-1.25.0-py3-none-any.whl
      - pypi: https://files.pythonhosted.org/packages/0e/61/66938bbb5fc52dbdf84594873d5b51fb1f7c7794e9c0f5bd885f30bc507b/idna-3.11-py3-none-any.whl
      - pypi: https://files.pythonhosted.org/packages/1e/db/4254e3eabe8020b458f1a747140d32277ec7a271daf1d235b70dc0b4e6e3/requests-2.32.5-py3-none-any.whl
      - pypi: https://files.pythonhosted.org/packages/56/1a/9ffe814d317c5224166b23e7c47f606d6e473712a2fad0f704ea9b99f246/urllib3-2.6.0-py3-none-any.whl
packages:
- conda: https://conda.anaconda.org/conda-forge/noarch/antlr-python-runtime-4.9.3-pyhd8ed1ab_1.tar.bz2
  sha256: b91f8ab4ac2b48972fbee1fc8e092cc452fdf59156e4ff2322c94bbf73650f94
  md5: c88eaec8de9ae1fa161205aa18e7a5b1
  depends:
  - python >=3.6
  license: BSD-3-Clause
  license_family: BSD
  purls:
  - pkg:pypi/antlr4-python3-runtime?source=hash-mapping
  size: 101065
  timestamp: 1638309284042
- conda: https://conda.anaconda.org/conda-forge/win-64/bzip2-1.0.8-h0ad9c76_8.conda
  sha256: d882712855624641f48aa9dc3f5feea2ed6b4e6004585d3616386a18186fe692
  md5: 1077e9333c41ff0be8edd1a5ec0ddace
  depends:
  - ucrt >=10.0.20348.0
  - vc >=14.3,<15
  - vc14_runtime >=14.44.35208
  license: bzip2-1.0.6
  license_family: BSD
  purls: []
  size: 55977
  timestamp: 1757437738856
- conda: https://conda.anaconda.org/conda-forge/noarch/ca-certificates-2025.11.12-h4c7d964_0.conda
  sha256: 686a13bd2d4024fc99a22c1e0e68a7356af3ed3304a8d3ff6bb56249ad4e82f0
  md5: f98fb7db808b94bc1ec5b0e62f9f1069
  depends:
  - __win
  license: ISC
  purls: []
  size: 152827
  timestamp: 1762967310929
- pypi: https://files.pythonhosted.org/packages/70/7d/9bc192684cea499815ff478dfcdc13835ddf401365057044fb721ec6bddb/certifi-2025.11.12-py3-none-any.whl
  name: certifi
  version: 2025.11.12
  sha256: 97de8790030bbd5c2d96b7ec782fc2f7820ef8dba6db909ccf95449f2d062d4b
  requires_python: '>=3.7'
- pypi: https://files.pythonhosted.org/packages/c4/26/b9924fa27db384bdcd97ab83b4f0a8058d96ad9626ead570674d5e737d90/charset_normalizer-3.4.4-cp313-cp313-win_amd64.whl
  name: charset-normalizer
  version: 3.4.4
  sha256: b435cba5f4f750aa6c0a0d92c541fb79f69a387c91e61f1795227e4ed9cece14
  requires_python: '>=3.7'
- pypi: https://files.pythonhosted.org/packages/6d/8c/136035269930d365fbb47ccf92cb6bc9be60edb5b4fa84d591ba9c212030/deepl-1.25.0-py3-none-any.whl
  name: deepl
  version: 1.25.0
  sha256: 071f929a1b80252f16922e84748f7635db110746cada00b2cf2de7d2080cbbcf
  requires_dist:
  - keyring>=23.4.1,<24.0.0 ; extra == 'keyring'
  - requests>=2.32.4
  requires_python: '>=3.9,<4'
- conda: https://conda.anaconda.org/conda-forge/noarch/feedparser-6.0.12-pyhd8ed1ab_0.conda
  sha256: 804087fa9bd3dc9cdb7e1c9061d8738c7b7fee4a66716fe4be626137b1134631
  md5: 4dd03d545ff391578ab27afbeb6052cc
  depends:
  - python >=3.10
  - sgmllib3k
  license: BSD-3-Clause
  license_family: BSD
  purls:
  - pkg:pypi/feedparser?source=hash-mapping
  size: 52954
  timestamp: 1757939271444
- pypi: https://files.pythonhosted.org/packages/0e/61/66938bbb5fc52dbdf84594873d5b51fb1f7c7794e9c0f5bd885f30bc507b/idna-3.11-py3-none-any.whl
  name: idna
  version: '3.11'
  sha256: 771a87f49d9defaf64091e6e6fe9c18d4833f140bd19464795bc32d966ca37ea
  requires_dist:
  - ruff>=0.6.2 ; extra == 'all'
  - mypy>=1.11.2 ; extra == 'all'
  - pytest>=8.3.2 ; extra == 'all'
  - flake8>=7.1.1 ; extra == 'all'
  requires_python: '>=3.8'
- conda: https://conda.anaconda.org/conda-forge/win-64/libexpat-2.7.3-hac47afa_0.conda
  sha256: 844ab708594bdfbd7b35e1a67c379861bcd180d6efe57b654f482ae2f7f5c21e
  md5: 8c9e4f1a0e688eef2e95711178061a0f
  depends:
  - ucrt >=10.0.20348.0
  - vc >=14.3,<15
  - vc14_runtime >=14.44.35208
  constrains:
  - expat 2.7.3.*
  license: MIT
  license_family: MIT
  purls: []
  size: 70137
  timestamp: 1763550049107
- conda: https://conda.anaconda.org/conda-forge/win-64/libffi-3.5.2-h52bdfb6_0.conda
  sha256: ddff25aaa4f0aa535413f5d831b04073789522890a4d8626366e43ecde1534a3
  md5: ba4ad812d2afc22b9a34ce8327a0930f
  depends:
  - ucrt >=10.0.20348.0
  - vc >=14.3,<15
  - vc14_runtime >=14.44.35208
  license: MIT
  license_family: MIT
  purls: []
  size: 44866
  timestamp: 1760295760649
- conda: https://conda.anaconda.org/conda-forge/win-64/liblzma-5.8.1-h2466b09_2.conda
  sha256: 55764956eb9179b98de7cc0e55696f2eff8f7b83fc3ebff5e696ca358bca28cc
  md5: c15148b2e18da456f5108ccb5e411446
  depends:
  - ucrt >=10.0.20348.0
  - vc >=14.2,<15
  - vc14_runtime >=14.29.30139
  constrains:
  - xz 5.8.1.*
  license: 0BSD
  purls: []
  size: 104935
  timestamp: 1749230611612
- conda: https://conda.anaconda.org/conda-forge/win-64/libmpdec-4.0.0-h2466b09_0.conda
  sha256: fc529fc82c7caf51202cc5cec5bb1c2e8d90edbac6d0a4602c966366efe3c7bf
  md5: 74860100b2029e2523cf480804c76b9b
  depends:
  - ucrt >=10.0.20348.0
  - vc >=14.2,<15
  - vc14_runtime >=14.29.30139
  license: BSD-2-Clause
  license_family: BSD
  purls: []
  size: 88657
  timestamp: 1723861474602
- conda: https://conda.anaconda.org/conda-forge/win-64/libsqlite-3.51.1-hf5d6505_0.conda
  sha256: a976c8b455d9023b83878609bd68c3b035b9839d592bd6c7be7552c523773b62
  md5: f92bef2f8e523bb0eabe60099683617a
  depends:
  - ucrt >=10.0.20348.0
  - vc >=14.3,<15
  - vc14_runtime >=14.44.35208
  license: blessing
  purls: []
  size: 1291059
  timestamp: 1764359545703
- conda: https://conda.anaconda.org/conda-forge/win-64/libzlib-1.3.1-h2466b09_2.conda
  sha256: ba945c6493449bed0e6e29883c4943817f7c79cbff52b83360f7b341277c6402
  md5: 41fbfac52c601159df6c01f875de31b9
  depends:
  - ucrt >=10.0.20348.0
  - vc >=14.2,<15
  - vc14_runtime >=14.29.30139
  constrains:
  - zlib 1.3.1 *_2
  license: Zlib
  license_family: Other
  purls: []
  size: 55476
  timestamp: 1727963768015
- conda: https://conda.anaconda.org/conda-forge/noarch/omegaconf-2.3.0-pyhd8ed1ab_0.conda
  sha256: df806841be847e5287b22b6ae7f380874f81ea51f1b51ae14a570f3385c7b133
  md5: 23cc056834cab53849b91f78d6ee3ea0
  depends:
  - antlr-python-runtime 4.9.*
  - python >=3.7
  - pyyaml >=5.1.0
  - typing_extensions
  license: BSD-3-Clause
  license_family: BSD
  purls:
  - pkg:pypi/omegaconf?source=hash-mapping
  size: 166453
  timestamp: 1670575519562
- conda: https://conda.anaconda.org/conda-forge/win-64/openssl-3.6.0-h725018a_0.conda
  sha256: 6d72d6f766293d4f2aa60c28c244c8efed6946c430814175f959ffe8cab899b3
  md5: 84f8fb4afd1157f59098f618cd2437e4
  depends:
  - ca-certificates
  - ucrt >=10.0.20348.0
  - vc >=14.3,<15
  - vc14_runtime >=14.44.35208
  license: Apache-2.0
  license_family: Apache
  purls: []
  size: 9440812
  timestamp: 1762841722179
- conda: https://conda.anaconda.org/conda-forge/win-64/python-3.13.11-h09917c8_100_cp313.conda
  build_number: 100
  sha256: 0ee0402368783e1fad10025719530499c517a3dbbdfbe18351841d9b7aef1d6a
  md5: 9e4c9a7ee9c4ab5b3778ab73e583283e
  depends:
  - bzip2 >=1.0.8,<2.0a0
  - libexpat >=2.7.3,<3.0a0
  - libffi >=3.5.2,<3.6.0a0
  - liblzma >=5.8.1,<6.0a0
  - libmpdec >=4.0.0,<5.0a0
  - libsqlite >=3.51.1,<4.0a0
  - libzlib >=1.3.1,<2.0a0
  - openssl >=3.5.4,<4.0a0
  - python_abi 3.13.* *_cp313
  - tk >=8.6.13,<8.7.0a0
  - tzdata
  - ucrt >=10.0.20348.0
  - vc >=14.3,<15
  - vc14_runtime >=14.44.35208
  license: Python-2.0
  purls: []
  size: 16617922
  timestamp: 1765019627175
  python_site_packages_path: Lib/site-packages
- conda: https://conda.anaconda.org/conda-forge/noarch/python-dotenv-1.2.1-pyhcf101f3_0.conda
  sha256: aa98e0b1f5472161318f93224f1cfec1355ff69d2f79f896c0b9e033e4a6caf9
  md5: 083725d6cd3dc007f06d04bcf1e613a2
  depends:
  - python >=3.10
  - python
  license: BSD-3-Clause
  license_family: BSD
  purls:
  - pkg:pypi/python-dotenv?source=hash-mapping
  size: 26922
  timestamp: 1761503229008
- conda: https://conda.anaconda.org/conda-forge/noarch/python_abi-3.13-8_cp313.conda
  build_number: 8
  sha256: 210bffe7b121e651419cb196a2a63687b087497595c9be9d20ebe97dd06060a7
  md5: 94305520c52a4aa3f6c2b1ff6008d9f8
  constrains:
  - python 3.13.* *_cp313
  license: BSD-3-Clause
  license_family: BSD
  purls: []
  size: 7002
  timestamp: 1752805902938
- conda: https://conda.anaconda.org/conda-forge/win-64/pyyaml-6.0.3-py313hd650c13_0.conda
  sha256: 5d9fd32d318b9da615524589a372b33a6f3d07db2708de16570d70360bf638c2
  md5: c067122d76f8dcbe0848822942ba07be
  depends:
  - python >=3.13,<3.14.0a0
  - python_abi 3.13.* *_cp313
  - ucrt >=10.0.20348.0
  - vc >=14.3,<15
  - vc14_runtime >=14.44.35208
  - yaml >=0.2.5,<0.3.0a0
  license: MIT
  license_family: MIT
  purls:
  - pkg:pypi/pyyaml?source=hash-mapping
  size: 182043
  timestamp: 1758892011955
- pypi: https://files.pythonhosted.org/packages/1e/db/4254e3eabe8020b458f1a747140d32277ec7a271daf1d235b70dc0b4e6e3/requests-2.32.5-py3-none-any.whl
  name: requests
  version: 2.32.5
  sha256: 2462f94637a34fd532264295e186976db0f5d453d1cdd31473c85a6a161affb6
  requires_dist:
  - charset-normalizer>=2,<4
  - idna>=2.5,<4
  - urllib3>=1.21.1,<3
  - certifi>=2017.4.17
  - pysocks>=1.5.6,!=1.5.7 ; extra == 'socks'
  - chardet>=3.0.2,<6 ; extra == 'use-chardet-on-py3'
  requires_python: '>=3.9'
- conda: https://conda.anaconda.org/conda-forge/noarch/sgmllib3k-1.0.0-pyhd8ed1ab_1.conda
  sha256: 93ea629d7da9e66b6c3bf107c67a5a700bf2aa65568b3ebd3118bf969cdb66aa
  md5: 24dccb38ae0c4f2e11a387fb2d4e21cb
  depends:
  - python >=3.9
  license: BSD-1-Clause
  purls:
  - pkg:pypi/sgmllib3k?source=hash-mapping
  size: 12887
  timestamp: 1734543162119
- conda: https://conda.anaconda.org/conda-forge/noarch/slack-sdk-3.39.0-pyhd8ed1ab_0.conda
  sha256: 12e3f8f38ec5e67e1848fcd5700bcfd5c0b3d17fd7c95a1a0641d75a8e37d2fc
  md5: 8fb0b000bb4644b675223dda6bfb135a
  depends:
  - python >=3.10
  license: MIT
  license_family: MIT
  purls:
  - pkg:pypi/slack-sdk?source=hash-mapping
  size: 158205
  timestamp: 1763658273623
- conda: https://conda.anaconda.org/conda-forge/win-64/tk-8.6.13-h2c6b04d_3.conda
  sha256: 4581f4ffb432fefa1ac4f85c5682cc27014bcd66e7beaa0ee330e927a7858790
  md5: 7cb36e506a7dba4817970f8adb6396f9
  depends:
  - ucrt >=10.0.20348.0
  - vc >=14.2,<15
  - vc14_runtime >=14.29.30139
  license: TCL
  license_family: BSD
  purls: []
  size: 3472313
  timestamp: 1763055164278
- conda: https://conda.anaconda.org/conda-forge/noarch/typing_extensions-4.15.0-pyhcf101f3_0.conda
  sha256: 032271135bca55aeb156cee361c81350c6f3fb203f57d024d7e5a1fc9ef18731
  md5: 0caa1af407ecff61170c9437a808404d
  depends:
  - python >=3.10
  - python
  license: PSF-2.0
  license_family: PSF
  purls:
  - pkg:pypi/typing-extensions?source=hash-mapping
  size: 51692
  timestamp: 1756220668932
- conda: https://conda.anaconda.org/conda-forge/noarch/tzdata-2025b-h78e105d_0.conda
  sha256: 5aaa366385d716557e365f0a4e9c3fca43ba196872abbbe3d56bb610d131e192
  md5: 4222072737ccff51314b5ece9c7d6f5a
  license: LicenseRef-Public-Domain
  purls: []
  size: 122968
  timestamp: 1742727099393
- conda: https://conda.anaconda.org/conda-forge/win-64/ucrt-10.0.26100.0-h57928b3_0.conda
  sha256: 3005729dce6f3d3f5ec91dfc49fc75a0095f9cd23bab49efb899657297ac91a5
  md5: 71b24316859acd00bdb8b38f5e2ce328
  constrains:
  - vc14_runtime >=14.29.30037
  - vs2015_runtime >=14.29.30037
  license: LicenseRef-MicrosoftWindowsSDK10
  purls: []
  size: 694692
  timestamp: 1756385147981
- pypi: https://files.pythonhosted.org/packages/56/1a/9ffe814d317c5224166b23e7c47f606d6e473712a2fad0f704ea9b99f246/urllib3-2.6.0-py3-none-any.whl
  name: urllib3
  version: 2.6.0
  sha256: c90f7a39f716c572c4e3e58509581ebd83f9b59cced005b7db7ad2d22b0db99f
  requires_dist:
  - brotli>=1.2.0 ; platform_python_implementation == 'CPython' and extra == 'brotli'
  - brotlicffi>=1.2.0.0 ; platform_python_implementation != 'CPython' and extra == 'brotli'
  - h2>=4,<5 ; extra == 'h2'
  - pysocks>=1.5.6,!=1.5.7,<2.0 ; extra == 'socks'
  - backports-zstd>=1.0.0 ; python_full_version < '3.14' and extra == 'zstd'
  requires_python: '>=3.9'
- conda: https://conda.anaconda.org/conda-forge/win-64/vc-14.3-h2b53caa_32.conda
  sha256: 82250af59af9ff3c6a635dd4c4764c631d854feb334d6747d356d949af44d7cf
  md5: ef02bbe151253a72b8eda264a935db66
  depends:
  - vc14_runtime >=14.42.34433
  track_features:
  - vc14
  license: BSD-3-Clause
  license_family: BSD
  purls: []
  size: 18861
  timestamp: 1760418772353
- conda: https://conda.anaconda.org/conda-forge/win-64/vc14_runtime-14.44.35208-h818238b_32.conda
  sha256: e3a3656b70d1202e0d042811ceb743bd0d9f7e00e2acdf824d231b044ef6c0fd
  md5: 378d5dcec45eaea8d303da6f00447ac0
  depends:
  - ucrt >=10.0.20348.0
  - vcomp14 14.44.35208 h818238b_32
  constrains:
  - vs2015_runtime 14.44.35208.* *_32
  license: LicenseRef-MicrosoftVisualCpp2015-2022Runtime
  license_family: Proprietary
  purls: []
  size: 682706
  timestamp: 1760418629729
- conda: https://conda.anaconda.org/conda-forge/win-64/vcomp14-14.44.35208-h818238b_32.conda
  sha256: f3790c88fbbdc55874f41de81a4237b1b91eab75e05d0e58661518ff04d2a8a1
  md5: 58f67b437acbf2764317ba273d731f1d
  depends:
  - ucrt >=10.0.20348.0
  constrains:
  - vs2015_runtime 14.44.35208.* *_32
  license: LicenseRef-MicrosoftVisualCpp2015-2022Runtime
  license_family: Proprietary
  purls: []
  size: 114846
  timestamp: 1760418593847
- conda: https://conda.anaconda.org/conda-forge/win-64/yaml-0.2.5-h6a83c73_3.conda
  sha256: 80ee68c1e7683a35295232ea79bcc87279d31ffeda04a1665efdb43cbd50a309
  md5: 433699cba6602098ae8957a323da2664
  depends:
  - vc >=14.3,<15
  - vc14_runtime >=14.44.35208
  - ucrt >=10.0.20348.0
  - vc >=14.3,<15
  - vc14_runtime >=14.44.35208
  - ucrt >=10.0.20348.0
  license: MIT
  license_family: MIT
  purls: []
  size: 63944
  timestamp: 1753484092156
